{
    "version": 3,
    "terraform_version": "0.11.8",
    "serial": 8,
    "lineage": "ddde202d-9963-5ab0-4df6-e01c43cba551",
    "modules": [
        {
            "path": [
                "root"
            ],
            "outputs": {},
            "resources": {
                "aws_security_group.web": {
                    "type": "aws_security_group",
                    "depends_on": [],
                    "primary": {
                        "id": "sg-0d508f676275baff1",
                        "attributes": {
                            "arn": "arn:aws:ec2:us-west-2:347169954667:security-group/sg-0d508f676275baff1",
                            "description": "Allow web from the internet",
                            "egress.#": "0",
                            "id": "sg-0d508f676275baff1",
                            "ingress.#": "1",
                            "ingress.2541437006.cidr_blocks.#": "1",
                            "ingress.2541437006.cidr_blocks.0": "0.0.0.0/0",
                            "ingress.2541437006.description": "",
                            "ingress.2541437006.from_port": "22",
                            "ingress.2541437006.ipv6_cidr_blocks.#": "0",
                            "ingress.2541437006.protocol": "tcp",
                            "ingress.2541437006.security_groups.#": "0",
                            "ingress.2541437006.self": "false",
                            "ingress.2541437006.to_port": "22",
                            "name": "web",
                            "owner_id": "347169954667",
                            "revoke_rules_on_delete": "false",
                            "tags.%": "1",
                            "tags.Name": "ssh",
                            "vpc_id": "vpc-5b22b222"
                        },
                        "meta": {
                            "e2bfb730-ecaa-11e6-8f88-34363bc7c4c0": {
                                "create": 600000000000,
                                "delete": 600000000000
                            },
                            "schema_version": "1"
                        },
                        "tainted": false
                    },
                    "deposed": [],
                    "provider": "provider.aws"
                }
            },
            "depends_on": []
        }
    ]
}
